
Microsoft Visual Studio Solution File, Format Version 12.00
# Visual Studio 2013
VisualStudioVersion = 12.0.31101.0
MinimumVisualStudioVersion = 10.0.40219.1
Project("{FAE04EC0-301F-11D3-BF4B-00C04F79EFBC}") = "conti.maurizio.D3", "conti.maurizio.D3\conti.maurizio.D3.csproj", "{DACD5B8E-B22E-41D8-BA1C-CB10333A5448}"
EndProject
Global
	GlobalSection(SolutionConfigurationPlatforms) = preSolution
		Debug|Any CPU = Debug|Any CPU
		Release|Any CPU = Release|Any CPU
	EndGlobalSection
	GlobalSection(ProjectConfigurationPlatforms) = postSolution
		{DACD5B8E-B22E-41D8-BA1C-CB10333A5448}.Debug|Any CPU.ActiveCfg = Debug|Any CPU
		{DACD5B8E-B22E-41D8-BA1C-CB10333A5448}.Debug|Any CPU.Build.0 = Debug|Any CPU
		{DACD5B8E-B22E-41D8-BA1C-CB10333A5448}.Release|Any CPU.ActiveCfg = Release|Any CPU
		{DACD5B8E-B22E-41D8-BA1C-CB10333A5448}.Release|Any CPU.Build.0 = Release|Any CPU
	EndGlobalSection
	GlobalSection(SolutionProperties) = preSolution
		HideSolutionNode = FALSE
	EndGlobalSection
EndGlobal
