
Microsoft Visual Studio Solution File, Format Version 12.00
# Visual Studio 2013
VisualStudioVersion = 12.0.31101.0
MinimumVisualStudioVersion = 10.0.40219.1
Project("{FAE04EC0-301F-11D3-BF4B-00C04F79EFBC}") = "conti.maurizio.4L.PoliFigure4", "conti.maurizio.4L.PoliFigure4\conti.maurizio.4L.PoliFigure4.csproj", "{45B04C72-1A05-4804-A848-7EE79436791D}"
EndProject
Global
	GlobalSection(SolutionConfigurationPlatforms) = preSolution
		Debug|Any CPU = Debug|Any CPU
		Release|Any CPU = Release|Any CPU
	EndGlobalSection
	GlobalSection(ProjectConfigurationPlatforms) = postSolution
		{45B04C72-1A05-4804-A848-7EE79436791D}.Debug|Any CPU.ActiveCfg = Debug|Any CPU
		{45B04C72-1A05-4804-A848-7EE79436791D}.Debug|Any CPU.Build.0 = Debug|Any CPU
		{45B04C72-1A05-4804-A848-7EE79436791D}.Release|Any CPU.ActiveCfg = Release|Any CPU
		{45B04C72-1A05-4804-A848-7EE79436791D}.Release|Any CPU.Build.0 = Release|Any CPU
	EndGlobalSection
	GlobalSection(SolutionProperties) = preSolution
		HideSolutionNode = FALSE
	EndGlobalSection
EndGlobal
